{
  "version": 4,
  "terraform_version": "1.10.5",
  "serial": 215,
  "lineage": "9ac5c2a5-478a-77b9-077e-2db7615c786e",
  "outputs": {},
  "resources": [
    {
      "mode": "data",
      "type": "local_file",
      "name": "ami_ouput",
      "provider": "provider[\"registry.terraform.io/hashicorp/local\"]",
      "instances": [
        {
          "schema_version": 0,
          "attributes": {
            "content": "ec2_public_ip = 34.238.240.110\nami_id = ami-08770944d011ef7ae\n",
            "content_base64": "ZWMyX3B1YmxpY19pcCA9IDM0LjIzOC4yNDAuMTEwCmFtaV9pZCA9IGFtaS0wODc3MDk0NGQwMTFlZjdhZQo=",
            "content_base64sha256": "cVaIlciKkRwO9zDG3JSk3UHplebr8q2UyOhKOpPzkB8=",
            "content_base64sha512": "s1hjvfSrTOKttYmws7/LJfmR2SlC2ljBt3PTMYnTBOwPZFWxo5M+it+9eUNQwl/zGr05J6PfM7pJyAFemXWFJA==",
            "content_md5": "8f39110f07f2af44b14602d6e7c057a0",
            "content_sha1": "97ca00122b10b3d6d569ef479031927b3834e5a0",
            "content_sha256": "71568895c88a911c0ef730c6dc94a4dd41e995e6ebf2ad94c8e84a3a93f3901f",
            "content_sha512": "b35863bdf4ab4ce2adb589b0b3bfcb25f991d92942da58c1b773d33189d304ec0f6455b1a3933e8adfbd794350c25ff31abd3927a3df33ba49c8015e99758524",
            "filename": "../ami_output.txt",
            "id": "97ca00122b10b3d6d569ef479031927b3834e5a0"
          },
          "sensitive_attributes": []
        }
      ]
    },
    {
      "mode": "data",
      "type": "local_file",
      "name": "basedata",
      "provider": "provider[\"registry.terraform.io/hashicorp/local\"]",
      "instances": [
        {
          "schema_version": 0,
          "attributes": {
            "content": "sg1 = sg-095b98a802e3ba9e5\nsgdb = sg-0d396d5fe8d7fa793\nbami = ami-084568db4383264d4",
            "content_base64": "c2cxID0gc2ctMDk1Yjk4YTgwMmUzYmE5ZTUKc2dkYiA9IHNnLTBkMzk2ZDVmZThkN2ZhNzkzCmJhbWkgPSBhbWktMDg0NTY4ZGI0MzgzMjY0ZDQ=",
            "content_base64sha256": "7kpQXAVhJ6sCXx0Cu7mrUTHwOwTgyTKpHh2b4NyZ0BU=",
            "content_base64sha512": "ACammQHXFr3if5GrmAj7Wd2XhlrUcvuFGVxdUHPuCSqdBrLje0p1+91ZOGIQae6Rwoe0wa72xdneJkaQpbEcbg==",
            "content_md5": "39d8efcfc6605ddbf33dee07b6073e0e",
            "content_sha1": "14b18a785f1f6e72a989ba907a4607a97de31a7e",
            "content_sha256": "ee4a505c056127ab025f1d02bbb9ab5131f03b04e0c932a91e1d9be0dc99d015",
            "content_sha512": "0026a69901d716bde27f91ab9808fb59dd97865ad472fb85195c5d5073ee092a9d06b2e37b4a75fbdd5938621069ee91c287b4c1aef6c5d9de264690a5b11c6e",
            "filename": "../base_data.txt",
            "id": "14b18a785f1f6e72a989ba907a4607a97de31a7e"
          },
          "sensitive_attributes": []
        }
      ]
    },
    {
      "mode": "data",
      "type": "local_file",
      "name": "vpc_output",
      "provider": "provider[\"registry.terraform.io/hashicorp/local\"]",
      "instances": [
        {
          "schema_version": 0,
          "attributes": {
            "content": "vpc_id = vpc-0de7d5ef96a37da27\npublic_subnet_1_id = subnet-00e2817e258b34bc9\npublic_subnet_2_id = subnet-0160af0f35544ad58\nprivate_subnet_1_id = subnet-04d38f1dadffd0c07\nprivate_subnet_2_id = subnet-0eac8887b99801f30\ninternet_gateway_id = igw-03ab17b0d057a36d6\nnat_gateway_id = nat-056a2cda0f1398935\nelastic_ip_id = eipalloc-0f2d54a68ad72fafb\npublic_route_table_id = rtb-07ecc7ce6be55a38e\nprivate_route_table_id = rtb-0e36f42c19c75dbcc\n",
            "content_base64": "dnBjX2lkID0gdnBjLTBkZTdkNWVmOTZhMzdkYTI3CnB1YmxpY19zdWJuZXRfMV9pZCA9IHN1Ym5ldC0wMGUyODE3ZTI1OGIzNGJjOQpwdWJsaWNfc3VibmV0XzJfaWQgPSBzdWJuZXQtMDE2MGFmMGYzNTU0NGFkNTgKcHJpdmF0ZV9zdWJuZXRfMV9pZCA9IHN1Ym5ldC0wNGQzOGYxZGFkZmZkMGMwNwpwcml2YXRlX3N1Ym5ldF8yX2lkID0gc3VibmV0LTBlYWM4ODg3Yjk5ODAxZjMwCmludGVybmV0X2dhdGV3YXlfaWQgPSBpZ3ctMDNhYjE3YjBkMDU3YTM2ZDYKbmF0X2dhdGV3YXlfaWQgPSBuYXQtMDU2YTJjZGEwZjEzOTg5MzUKZWxhc3RpY19pcF9pZCA9IGVpcGFsbG9jLTBmMmQ1NGE2OGFkNzJmYWZiCnB1YmxpY19yb3V0ZV90YWJsZV9pZCA9IHJ0Yi0wN2VjYzdjZTZiZTU1YTM4ZQpwcml2YXRlX3JvdXRlX3RhYmxlX2lkID0gcnRiLTBlMzZmNDJjMTljNzVkYmNjCg==",
            "content_base64sha256": "CPDNWEC94jcjm9RVmLs1MTe7dKMSLoibL2PCW25gMqQ=",
            "content_base64sha512": "BIc26WRp1ATbxDpASk2xgJbKZnjDOMUtg7pRi9Kvc9WTdzQJmDO/zQels28b9hx2DkdOETJJPgU0Ja4mugIfcw==",
            "content_md5": "ed1c2af70093dd5d4c7d2479ecc10b3e",
            "content_sha1": "ea5af17cbd8172a3f09ba3a3651e2708c2c723d9",
            "content_sha256": "08f0cd5840bde237239bd45598bb353137bb74a3122e889b2f63c25b6e6032a4",
            "content_sha512": "048736e96469d404dbc43a404a4db18096ca6678c338c52d83ba518bd2af73d5937734099833bfcd07a5b36f1bf61c760e474e1132493e053425ae26ba021f73",
            "filename": "../vpc_output.txt",
            "id": "ea5af17cbd8172a3f09ba3a3651e2708c2c723d9"
          },
          "sensitive_attributes": []
        }
      ]
    },
    {
      "mode": "managed",
      "type": "aws_cloudwatch_event_rule",
      "name": "lambda4_schedule",
      "provider": "provider[\"registry.terraform.io/hashicorp/aws\"]",
      "instances": [
        {
          "schema_version": 1,
          "attributes": {
            "arn": "arn:aws:events:us-east-1:426672314667:rule/lambda4-schedule",
            "description": "",
            "event_bus_name": "default",
            "event_pattern": null,
            "force_destroy": false,
            "id": "lambda4-schedule",
            "is_enabled": true,
            "name": "lambda4-schedule",
            "name_prefix": "",
            "role_arn": "",
            "schedule_expression": "rate(1 minute)",
            "state": "ENABLED",
            "tags": null,
            "tags_all": {}
          },
          "sensitive_attributes": [],
          "private": "eyJzY2hlbWFfdmVyc2lvbiI6IjEifQ=="
        }
      ]
    },
    {
      "mode": "managed",
      "type": "aws_cloudwatch_event_target",
      "name": "trigger_lambda4",
      "provider": "provider[\"registry.terraform.io/hashicorp/aws\"]",
      "instances": [
        {
          "schema_version": 1,
          "attributes": {
            "appsync_target": [],
            "arn": "arn:aws:lambda:us-east-1:426672314667:function:lambda4",
            "batch_target": [],
            "dead_letter_config": [],
            "ecs_target": [],
            "event_bus_name": "default",
            "force_destroy": false,
            "http_target": [],
            "id": "lambda4-schedule-terraform-20250329034320257500000006",
            "input": "",
            "input_path": "",
            "input_transformer": [],
            "kinesis_target": [],
            "redshift_target": [],
            "retry_policy": [],
            "role_arn": "",
            "rule": "lambda4-schedule",
            "run_command_targets": [],
            "sagemaker_pipeline_target": [],
            "sqs_target": [],
            "target_id": "terraform-20250329034320257500000006"
          },
          "sensitive_attributes": [],
          "private": "eyJzY2hlbWFfdmVyc2lvbiI6IjEifQ==",
          "dependencies": [
            "aws_cloudwatch_event_rule.lambda4_schedule",
            "aws_iam_role.lambda_role",
            "aws_lambda_function.lambda4",
            "data.local_file.basedata",
            "data.local_file.vpc_output"
          ]
        }
      ]
    },
    {
      "mode": "managed",
      "type": "aws_cloudwatch_log_group",
      "name": "lambda_log_group1",
      "provider": "provider[\"registry.terraform.io/hashicorp/aws\"]",
      "instances": [
        {
          "schema_version": 0,
          "attributes": {
            "arn": "arn:aws:logs:us-east-1:426672314667:log-group:/aws/lambda/lambda1",
            "id": "/aws/lambda/lambda1",
            "kms_key_id": "",
            "log_group_class": "STANDARD",
            "name": "/aws/lambda/lambda1",
            "name_prefix": "",
            "retention_in_days": 14,
            "skip_destroy": false,
            "tags": null,
            "tags_all": {}
          },
          "sensitive_attributes": [],
          "private": "bnVsbA=="
        }
      ]
    },
    {
      "mode": "managed",
      "type": "aws_cloudwatch_log_group",
      "name": "lambda_log_group2",
      "provider": "provider[\"registry.terraform.io/hashicorp/aws\"]",
      "instances": [
        {
          "schema_version": 0,
          "attributes": {
            "arn": "arn:aws:logs:us-east-1:426672314667:log-group:/aws/lambda/lambda2",
            "id": "/aws/lambda/lambda2",
            "kms_key_id": "",
            "log_group_class": "STANDARD",
            "name": "/aws/lambda/lambda2",
            "name_prefix": "",
            "retention_in_days": 14,
            "skip_destroy": false,
            "tags": null,
            "tags_all": {}
          },
          "sensitive_attributes": [],
          "private": "bnVsbA=="
        }
      ]
    },
    {
      "mode": "managed",
      "type": "aws_cloudwatch_log_group",
      "name": "lambda_log_group3",
      "provider": "provider[\"registry.terraform.io/hashicorp/aws\"]",
      "instances": [
        {
          "schema_version": 0,
          "attributes": {
            "arn": "arn:aws:logs:us-east-1:426672314667:log-group:/aws/lambda/lambda3",
            "id": "/aws/lambda/lambda3",
            "kms_key_id": "",
            "log_group_class": "STANDARD",
            "name": "/aws/lambda/lambda3",
            "name_prefix": "",
            "retention_in_days": 14,
            "skip_destroy": false,
            "tags": null,
            "tags_all": {}
          },
          "sensitive_attributes": [],
          "private": "bnVsbA=="
        }
      ]
    },
    {
      "mode": "managed",
      "type": "aws_cloudwatch_log_group",
      "name": "lambda_log_group4",
      "provider": "provider[\"registry.terraform.io/hashicorp/aws\"]",
      "instances": [
        {
          "schema_version": 0,
          "attributes": {
            "arn": "arn:aws:logs:us-east-1:426672314667:log-group:/aws/lambda/lambda4",
            "id": "/aws/lambda/lambda4",
            "kms_key_id": "",
            "log_group_class": "STANDARD",
            "name": "/aws/lambda/lambda4",
            "name_prefix": "",
            "retention_in_days": 14,
            "skip_destroy": false,
            "tags": null,
            "tags_all": {}
          },
          "sensitive_attributes": [],
          "private": "bnVsbA=="
        }
      ]
    },
    {
      "mode": "managed",
      "type": "aws_iam_policy",
      "name": "lambda_invoke_policy",
      "provider": "provider[\"registry.terraform.io/hashicorp/aws\"]",
      "instances": [
        {
          "schema_version": 0,
          "attributes": {
            "arn": "arn:aws:iam::426672314667:policy/lambda_invoke_policy",
            "attachment_count": 0,
            "description": "Allow Lambda to invoke other Lambda functions",
            "id": "arn:aws:iam::426672314667:policy/lambda_invoke_policy",
            "name": "lambda_invoke_policy",
            "name_prefix": "",
            "path": "/",
            "policy": "{\"Statement\":[{\"Action\":\"lambda:InvokeFunction\",\"Effect\":\"Allow\",\"Resource\":\"*\"}],\"Version\":\"2012-10-17\"}",
            "policy_id": "ANPAWGV5G3EVXQUXHQB22",
            "tags": null,
            "tags_all": {}
          },
          "sensitive_attributes": [],
          "private": "bnVsbA=="
        }
      ]
    },
    {
      "mode": "managed",
      "type": "aws_iam_policy",
      "name": "lambda_s3_dynamodb_policy",
      "provider": "provider[\"registry.terraform.io/hashicorp/aws\"]",
      "instances": [
        {
          "schema_version": 0,
          "attributes": {
            "arn": "arn:aws:iam::426672314667:policy/lambda_s3_dynamodb_policy",
            "attachment_count": 0,
            "description": "Allow Lambda to access S3 \u0026 DynamoDB",
            "id": "arn:aws:iam::426672314667:policy/lambda_s3_dynamodb_policy",
            "name": "lambda_s3_dynamodb_policy",
            "name_prefix": "",
            "path": "/",
            "policy": "{\"Statement\":[{\"Action\":\"s3:*\",\"Effect\":\"Allow\",\"Resource\":\"arn:aws:s3:::*\"},{\"Action\":\"dynamodb:*\",\"Effect\":\"Allow\",\"Resource\":\"*\"}],\"Version\":\"2012-10-17\"}",
            "policy_id": "ANPAWGV5G3EVZUXSUTLQA",
            "tags": null,
            "tags_all": {}
          },
          "sensitive_attributes": [],
          "private": "bnVsbA=="
        }
      ]
    },
    {
      "mode": "managed",
      "type": "aws_iam_policy",
      "name": "lambda_s3_dynamodb_ses_policy",
      "provider": "provider[\"registry.terraform.io/hashicorp/aws\"]",
      "instances": [
        {
          "schema_version": 0,
          "attributes": {
            "arn": "arn:aws:iam::426672314667:policy/lambda_s3_dynamodb_ses_policy",
            "attachment_count": 0,
            "description": "Allow Lambda to access S3, DynamoDB \u0026 SES",
            "id": "arn:aws:iam::426672314667:policy/lambda_s3_dynamodb_ses_policy",
            "name": "lambda_s3_dynamodb_ses_policy",
            "name_prefix": "",
            "path": "/",
            "policy": "{\"Statement\":[{\"Action\":\"s3:*\",\"Effect\":\"Allow\",\"Resource\":\"arn:aws:s3:::*\"},{\"Action\":\"dynamodb:*\",\"Effect\":\"Allow\",\"Resource\":\"*\"},{\"Action\":\"ses:*\",\"Effect\":\"Allow\",\"Resource\":\"*\"}],\"Version\":\"2012-10-17\"}",
            "policy_id": "ANPAWGV5G3EVQY274B53R",
            "tags": null,
            "tags_all": {}
          },
          "sensitive_attributes": [],
          "private": "bnVsbA=="
        }
      ]
    },
    {
      "mode": "managed",
      "type": "aws_iam_policy",
      "name": "lambda_sqs_policy",
      "provider": "provider[\"registry.terraform.io/hashicorp/aws\"]",
      "instances": [
        {
          "schema_version": 0,
          "attributes": {
            "arn": "arn:aws:iam::426672314667:policy/lambda_sqs_policy",
            "attachment_count": 0,
            "description": "Allow Lambda1 to receive and delete messages from SQS",
            "id": "arn:aws:iam::426672314667:policy/lambda_sqs_policy",
            "name": "lambda_sqs_policy",
            "name_prefix": "",
            "path": "/",
            "policy": "{\"Statement\":[{\"Action\":[\"sqs:ReceiveMessage\",\"sqs:DeleteMessage\",\"sqs:GetQueueAttributes\",\"sqs:ChangeMessageVisibility\"],\"Effect\":\"Allow\",\"Resource\":\"arn:aws:sqs:us-east-1:426672314667:lambda1-event-queue\"}],\"Version\":\"2012-10-17\"}",
            "policy_id": "ANPAWGV5G3EVSWGHFOHYA",
            "tags": null,
            "tags_all": {}
          },
          "sensitive_attributes": [],
          "private": "bnVsbA==",
          "dependencies": [
            "aws_sqs_queue.lambda1_queue"
          ]
        }
      ]
    },
    {
      "mode": "managed",
      "type": "aws_iam_policy",
      "name": "lambda_vpc_policy",
      "provider": "provider[\"registry.terraform.io/hashicorp/aws\"]",
      "instances": [
        {
          "schema_version": 0,
          "attributes": {
            "arn": "arn:aws:iam::426672314667:policy/lambda_vpc_policy",
            "attachment_count": 0,
            "description": "",
            "id": "arn:aws:iam::426672314667:policy/lambda_vpc_policy",
            "name": "lambda_vpc_policy",
            "name_prefix": "",
            "path": "/",
            "policy": "{\"Statement\":[{\"Action\":[\"ec2:CreateNetworkInterface\",\"ec2:DescribeNetworkInterfaces\",\"ec2:DeleteNetworkInterface\"],\"Effect\":\"Allow\",\"Resource\":\"*\"}],\"Version\":\"2012-10-17\"}",
            "policy_id": "ANPAWGV5G3EVUTIHKSGEE",
            "tags": null,
            "tags_all": {}
          },
          "sensitive_attributes": [],
          "private": "bnVsbA=="
        }
      ]
    },
    {
      "mode": "managed",
      "type": "aws_iam_role",
      "name": "lambda_role",
      "provider": "provider[\"registry.terraform.io/hashicorp/aws\"]",
      "instances": [
        {
          "schema_version": 0,
          "attributes": {
            "arn": "arn:aws:iam::426672314667:role/lambda_execution_role",
            "assume_role_policy": "{\"Statement\":[{\"Action\":\"sts:AssumeRole\",\"Effect\":\"Allow\",\"Principal\":{\"Service\":\"lambda.amazonaws.com\"}}],\"Version\":\"2012-10-17\"}",
            "create_date": "2025-03-29T03:42:21Z",
            "description": "",
            "force_detach_policies": false,
            "id": "lambda_execution_role",
            "inline_policy": [],
            "managed_policy_arns": [],
            "max_session_duration": 3600,
            "name": "lambda_execution_role",
            "name_prefix": "",
            "path": "/",
            "permissions_boundary": "",
            "tags": null,
            "tags_all": {},
            "unique_id": "AROAWGV5G3EV7TXC4OWKP"
          },
          "sensitive_attributes": [],
          "private": "bnVsbA=="
        }
      ]
    },
    {
      "mode": "managed",
      "type": "aws_iam_role_policy_attachment",
      "name": "lambda1_policy_attach",
      "provider": "provider[\"registry.terraform.io/hashicorp/aws\"]",
      "instances": [
        {
          "schema_version": 0,
          "attributes": {
            "id": "lambda_execution_role-20250329034222391800000002",
            "policy_arn": "arn:aws:iam::426672314667:policy/lambda_s3_dynamodb_policy",
            "role": "lambda_execution_role"
          },
          "sensitive_attributes": [],
          "private": "bnVsbA==",
          "dependencies": [
            "aws_iam_policy.lambda_s3_dynamodb_policy",
            "aws_iam_role.lambda_role"
          ]
        }
      ]
    },
    {
      "mode": "managed",
      "type": "aws_iam_role_policy_attachment",
      "name": "lambda1_sqs_policy_attach",
      "provider": "provider[\"registry.terraform.io/hashicorp/aws\"]",
      "instances": [
        {
          "schema_version": 0,
          "attributes": {
            "id": "lambda_execution_role-20250329034346569600000007",
            "policy_arn": "arn:aws:iam::426672314667:policy/lambda_sqs_policy",
            "role": "lambda_execution_role"
          },
          "sensitive_attributes": [],
          "private": "bnVsbA==",
          "dependencies": [
            "aws_iam_policy.lambda_sqs_policy",
            "aws_iam_role.lambda_role",
            "aws_sqs_queue.lambda1_queue"
          ]
        }
      ]
    },
    {
      "mode": "managed",
      "type": "aws_iam_role_policy_attachment",
      "name": "lambda2_policy_attach",
      "provider": "provider[\"registry.terraform.io/hashicorp/aws\"]",
      "instances": [
        {
          "schema_version": 0,
          "attributes": {
            "id": "lambda_execution_role-20250329034222444600000005",
            "policy_arn": "arn:aws:iam::426672314667:policy/lambda_s3_dynamodb_policy",
            "role": "lambda_execution_role"
          },
          "sensitive_attributes": [],
          "private": "bnVsbA==",
          "dependencies": [
            "aws_iam_policy.lambda_s3_dynamodb_policy",
            "aws_iam_role.lambda_role"
          ]
        }
      ]
    },
    {
      "mode": "managed",
      "type": "aws_iam_role_policy_attachment",
      "name": "lambda3_policy_attach",
      "provider": "provider[\"registry.terraform.io/hashicorp/aws\"]",
      "instances": [
        {
          "schema_version": 0,
          "attributes": {
            "id": "lambda_execution_role-20250329034222405500000004",
            "policy_arn": "arn:aws:iam::426672314667:policy/lambda_s3_dynamodb_ses_policy",
            "role": "lambda_execution_role"
          },
          "sensitive_attributes": [],
          "private": "bnVsbA==",
          "dependencies": [
            "aws_iam_policy.lambda_s3_dynamodb_ses_policy",
            "aws_iam_role.lambda_role"
          ]
        }
      ]
    },
    {
      "mode": "managed",
      "type": "aws_iam_role_policy_attachment",
      "name": "lambda4_policy_attach",
      "provider": "provider[\"registry.terraform.io/hashicorp/aws\"]",
      "instances": [
        {
          "schema_version": 0,
          "attributes": {
            "id": "lambda_execution_role-20250329034222385500000001",
            "policy_arn": "arn:aws:iam::426672314667:policy/lambda_invoke_policy",
            "role": "lambda_execution_role"
          },
          "sensitive_attributes": [],
          "private": "bnVsbA==",
          "dependencies": [
            "aws_iam_policy.lambda_invoke_policy",
            "aws_iam_role.lambda_role"
          ]
        }
      ]
    },
    {
      "mode": "managed",
      "type": "aws_iam_role_policy_attachment",
      "name": "lambda_vpc_policy_attachment",
      "provider": "provider[\"registry.terraform.io/hashicorp/aws\"]",
      "instances": [
        {
          "schema_version": 0,
          "attributes": {
            "id": "lambda_execution_role-20250329034222399100000003",
            "policy_arn": "arn:aws:iam::426672314667:policy/lambda_vpc_policy",
            "role": "lambda_execution_role"
          },
          "sensitive_attributes": [],
          "private": "bnVsbA==",
          "dependencies": [
            "aws_iam_policy.lambda_vpc_policy",
            "aws_iam_role.lambda_role"
          ]
        }
      ]
    },
    {
      "mode": "managed",
      "type": "aws_lambda_event_source_mapping",
      "name": "sqs_trigger_lambda1",
      "provider": "provider[\"registry.terraform.io/hashicorp/aws\"]",
      "instances": [
        {
          "schema_version": 0,
          "attributes": {
            "amazon_managed_kafka_event_source_config": [],
            "arn": "arn:aws:lambda:us-east-1:426672314667:event-source-mapping:a44e8771-8498-47b9-9049-2e2d390e6ef9",
            "batch_size": 1,
            "bisect_batch_on_function_error": false,
            "destination_config": [],
            "document_db_event_source_config": [],
            "enabled": true,
            "event_source_arn": "arn:aws:sqs:us-east-1:426672314667:lambda1-event-queue",
            "filter_criteria": [],
            "function_arn": "arn:aws:lambda:us-east-1:426672314667:function:lambda1",
            "function_name": "arn:aws:lambda:us-east-1:426672314667:function:lambda1",
            "function_response_types": null,
            "id": "a44e8771-8498-47b9-9049-2e2d390e6ef9",
            "kms_key_arn": "",
            "last_modified": "2025-03-29T03:43:54Z",
            "last_processing_result": "",
            "maximum_batching_window_in_seconds": 0,
            "maximum_record_age_in_seconds": 0,
            "maximum_retry_attempts": 0,
            "metrics_config": [],
            "parallelization_factor": 0,
            "provisioned_poller_config": [],
            "queues": null,
            "scaling_config": [],
            "self_managed_event_source": [],
            "self_managed_kafka_event_source_config": [],
            "source_access_configuration": [],
            "starting_position": "",
            "starting_position_timestamp": "",
            "state": "Enabled",
            "state_transition_reason": "USER_INITIATED",
            "tags": null,
            "tags_all": {},
            "topics": null,
            "tumbling_window_in_seconds": 0,
            "uuid": "a44e8771-8498-47b9-9049-2e2d390e6ef9"
          },
          "sensitive_attributes": [],
          "private": "bnVsbA==",
          "dependencies": [
            "aws_iam_role.lambda_role",
            "aws_lambda_function.lambda1",
            "aws_sqs_queue.lambda1_queue",
            "data.local_file.basedata",
            "data.local_file.vpc_output"
          ]
        }
      ]
    },
    {
      "mode": "managed",
      "type": "aws_lambda_function",
      "name": "lambda1",
      "provider": "provider[\"registry.terraform.io/hashicorp/aws\"]",
      "instances": [
        {
          "schema_version": 0,
          "attributes": {
            "architectures": [
              "x86_64"
            ],
            "arn": "arn:aws:lambda:us-east-1:426672314667:function:lambda1",
            "code_sha256": "GDwIj943XgACbhaF0tuBwmhzgkHgW+nqoWphl4tGRVI=",
            "code_signing_config_arn": "",
            "dead_letter_config": [],
            "description": "",
            "environment": [],
            "ephemeral_storage": [
              {
                "size": 512
              }
            ],
            "file_system_config": [],
            "filename": "lambda1.zip",
            "function_name": "lambda1",
            "handler": "lambda_function.lambda_handler",
            "id": "lambda1",
            "image_config": [],
            "image_uri": "",
            "invoke_arn": "arn:aws:apigateway:us-east-1:lambda:path/2015-03-31/functions/arn:aws:lambda:us-east-1:426672314667:function:lambda1/invocations",
            "kms_key_arn": "",
            "last_modified": "2025-03-29T03:43:27.430+0000",
            "layers": null,
            "logging_config": [
              {
                "application_log_level": "",
                "log_format": "Text",
                "log_group": "/aws/lambda/lambda1",
                "system_log_level": ""
              }
            ],
            "memory_size": 128,
            "package_type": "Zip",
            "publish": false,
            "qualified_arn": "arn:aws:lambda:us-east-1:426672314667:function:lambda1:$LATEST",
            "qualified_invoke_arn": "arn:aws:apigateway:us-east-1:lambda:path/2015-03-31/functions/arn:aws:lambda:us-east-1:426672314667:function:lambda1:$LATEST/invocations",
            "replace_security_groups_on_destroy": null,
            "replacement_security_group_ids": null,
            "reserved_concurrent_executions": -1,
            "role": "arn:aws:iam::426672314667:role/lambda_execution_role",
            "runtime": "python3.10",
            "s3_bucket": null,
            "s3_key": null,
            "s3_object_version": null,
            "signing_job_arn": "",
            "signing_profile_version_arn": "",
            "skip_destroy": false,
            "snap_start": [],
            "source_code_hash": "GDwIj943XgACbhaF0tuBwmhzgkHgW+nqoWphl4tGRVI=",
            "source_code_size": 994,
            "tags": null,
            "tags_all": {},
            "timeout": 3,
            "timeouts": null,
            "tracing_config": [
              {
                "mode": "PassThrough"
              }
            ],
            "version": "$LATEST",
            "vpc_config": [
              {
                "ipv6_allowed_for_dual_stack": false,
                "security_group_ids": [
                  "sg-095b98a802e3ba9e5"
                ],
                "subnet_ids": [
                  "subnet-00e2817e258b34bc9",
                  "subnet-0160af0f35544ad58"
                ],
                "vpc_id": "vpc-0de7d5ef96a37da27"
              }
            ]
          },
          "sensitive_attributes": [],
          "private": "eyJlMmJmYjczMC1lY2FhLTExZTYtOGY4OC0zNDM2M2JjN2M0YzAiOnsiY3JlYXRlIjo2MDAwMDAwMDAwMDAsImRlbGV0ZSI6NjAwMDAwMDAwMDAwLCJ1cGRhdGUiOjYwMDAwMDAwMDAwMH19",
          "dependencies": [
            "aws_iam_role.lambda_role",
            "data.local_file.basedata",
            "data.local_file.vpc_output"
          ]
        }
      ]
    },
    {
      "mode": "managed",
      "type": "aws_lambda_function",
      "name": "lambda2",
      "provider": "provider[\"registry.terraform.io/hashicorp/aws\"]",
      "instances": [
        {
          "schema_version": 0,
          "attributes": {
            "architectures": [
              "x86_64"
            ],
            "arn": "arn:aws:lambda:us-east-1:426672314667:function:lambda2",
            "code_sha256": "WeBY7cX0E43kId1D0hKFooGitWM3DbJphOgZwci9vlE=",
            "code_signing_config_arn": "",
            "dead_letter_config": [],
            "description": "",
            "environment": [],
            "ephemeral_storage": [
              {
                "size": 512
              }
            ],
            "file_system_config": [],
            "filename": "lambda2.zip",
            "function_name": "lambda2",
            "handler": "lambda_function.lambda_handler",
            "id": "lambda2",
            "image_config": [],
            "image_uri": "",
            "invoke_arn": "arn:aws:apigateway:us-east-1:lambda:path/2015-03-31/functions/arn:aws:lambda:us-east-1:426672314667:function:lambda2/invocations",
            "kms_key_arn": "",
            "last_modified": "2025-03-29T03:42:31.883+0000",
            "layers": null,
            "logging_config": [
              {
                "application_log_level": "",
                "log_format": "Text",
                "log_group": "/aws/lambda/lambda2",
                "system_log_level": ""
              }
            ],
            "memory_size": 128,
            "package_type": "Zip",
            "publish": false,
            "qualified_arn": "arn:aws:lambda:us-east-1:426672314667:function:lambda2:$LATEST",
            "qualified_invoke_arn": "arn:aws:apigateway:us-east-1:lambda:path/2015-03-31/functions/arn:aws:lambda:us-east-1:426672314667:function:lambda2:$LATEST/invocations",
            "replace_security_groups_on_destroy": null,
            "replacement_security_group_ids": null,
            "reserved_concurrent_executions": -1,
            "role": "arn:aws:iam::426672314667:role/lambda_execution_role",
            "runtime": "python3.10",
            "s3_bucket": null,
            "s3_key": null,
            "s3_object_version": null,
            "signing_job_arn": "",
            "signing_profile_version_arn": "",
            "skip_destroy": false,
            "snap_start": [],
            "source_code_hash": "WeBY7cX0E43kId1D0hKFooGitWM3DbJphOgZwci9vlE=",
            "source_code_size": 1314,
            "tags": null,
            "tags_all": {},
            "timeout": 3,
            "timeouts": null,
            "tracing_config": [
              {
                "mode": "PassThrough"
              }
            ],
            "version": "$LATEST",
            "vpc_config": [
              {
                "ipv6_allowed_for_dual_stack": false,
                "security_group_ids": [
                  "sg-095b98a802e3ba9e5"
                ],
                "subnet_ids": [
                  "subnet-00e2817e258b34bc9",
                  "subnet-0160af0f35544ad58"
                ],
                "vpc_id": "vpc-0de7d5ef96a37da27"
              }
            ]
          },
          "sensitive_attributes": [],
          "private": "eyJlMmJmYjczMC1lY2FhLTExZTYtOGY4OC0zNDM2M2JjN2M0YzAiOnsiY3JlYXRlIjo2MDAwMDAwMDAwMDAsImRlbGV0ZSI6NjAwMDAwMDAwMDAwLCJ1cGRhdGUiOjYwMDAwMDAwMDAwMH19",
          "dependencies": [
            "aws_iam_role.lambda_role",
            "data.local_file.basedata",
            "data.local_file.vpc_output"
          ]
        }
      ]
    },
    {
      "mode": "managed",
      "type": "aws_lambda_function",
      "name": "lambda3",
      "provider": "provider[\"registry.terraform.io/hashicorp/aws\"]",
      "instances": [
        {
          "schema_version": 0,
          "attributes": {
            "architectures": [
              "x86_64"
            ],
            "arn": "arn:aws:lambda:us-east-1:426672314667:function:lambda3",
            "code_sha256": "4pj5+2tgk2sCB78D6w7dT2eEXPQA8E2AQQ4D9+85z4Q=",
            "code_signing_config_arn": "",
            "dead_letter_config": [],
            "description": "",
            "environment": [],
            "ephemeral_storage": [
              {
                "size": 512
              }
            ],
            "file_system_config": [],
            "filename": "lambda3.zip",
            "function_name": "lambda3",
            "handler": "lambda_function.lambda_handler",
            "id": "lambda3",
            "image_config": [],
            "image_uri": "",
            "invoke_arn": "arn:aws:apigateway:us-east-1:lambda:path/2015-03-31/functions/arn:aws:lambda:us-east-1:426672314667:function:lambda3/invocations",
            "kms_key_arn": "",
            "last_modified": "2025-03-29T03:43:20.520+0000",
            "layers": null,
            "logging_config": [
              {
                "application_log_level": "",
                "log_format": "Text",
                "log_group": "/aws/lambda/lambda3",
                "system_log_level": ""
              }
            ],
            "memory_size": 128,
            "package_type": "Zip",
            "publish": false,
            "qualified_arn": "arn:aws:lambda:us-east-1:426672314667:function:lambda3:$LATEST",
            "qualified_invoke_arn": "arn:aws:apigateway:us-east-1:lambda:path/2015-03-31/functions/arn:aws:lambda:us-east-1:426672314667:function:lambda3:$LATEST/invocations",
            "replace_security_groups_on_destroy": null,
            "replacement_security_group_ids": null,
            "reserved_concurrent_executions": -1,
            "role": "arn:aws:iam::426672314667:role/lambda_execution_role",
            "runtime": "python3.10",
            "s3_bucket": null,
            "s3_key": null,
            "s3_object_version": null,
            "signing_job_arn": "",
            "signing_profile_version_arn": "",
            "skip_destroy": false,
            "snap_start": [],
            "source_code_hash": "4pj5+2tgk2sCB78D6w7dT2eEXPQA8E2AQQ4D9+85z4Q=",
            "source_code_size": 2226,
            "tags": null,
            "tags_all": {},
            "timeout": 3,
            "timeouts": null,
            "tracing_config": [
              {
                "mode": "PassThrough"
              }
            ],
            "version": "$LATEST",
            "vpc_config": [
              {
                "ipv6_allowed_for_dual_stack": false,
                "security_group_ids": [
                  "sg-095b98a802e3ba9e5"
                ],
                "subnet_ids": [
                  "subnet-00e2817e258b34bc9",
                  "subnet-0160af0f35544ad58"
                ],
                "vpc_id": "vpc-0de7d5ef96a37da27"
              }
            ]
          },
          "sensitive_attributes": [],
          "private": "eyJlMmJmYjczMC1lY2FhLTExZTYtOGY4OC0zNDM2M2JjN2M0YzAiOnsiY3JlYXRlIjo2MDAwMDAwMDAwMDAsImRlbGV0ZSI6NjAwMDAwMDAwMDAwLCJ1cGRhdGUiOjYwMDAwMDAwMDAwMH19",
          "dependencies": [
            "aws_iam_role.lambda_role",
            "data.local_file.basedata",
            "data.local_file.vpc_output"
          ]
        }
      ]
    },
    {
      "mode": "managed",
      "type": "aws_lambda_function",
      "name": "lambda4",
      "provider": "provider[\"registry.terraform.io/hashicorp/aws\"]",
      "instances": [
        {
          "schema_version": 0,
          "attributes": {
            "architectures": [
              "x86_64"
            ],
            "arn": "arn:aws:lambda:us-east-1:426672314667:function:lambda4",
            "code_sha256": "RuJvnehZ0UJxURB5LERM2xCbUzLO6S+uN4Svi+nfM7E=",
            "code_signing_config_arn": "",
            "dead_letter_config": [],
            "description": "",
            "environment": [],
            "ephemeral_storage": [
              {
                "size": 512
              }
            ],
            "file_system_config": [],
            "filename": "lambda4.zip",
            "function_name": "lambda4",
            "handler": "lambda_function.lambda_handler",
            "id": "lambda4",
            "image_config": [],
            "image_uri": "",
            "invoke_arn": "arn:aws:apigateway:us-east-1:lambda:path/2015-03-31/functions/arn:aws:lambda:us-east-1:426672314667:function:lambda4/invocations",
            "kms_key_arn": "",
            "last_modified": "2025-03-29T03:43:13.362+0000",
            "layers": null,
            "logging_config": [
              {
                "application_log_level": "",
                "log_format": "Text",
                "log_group": "/aws/lambda/lambda4",
                "system_log_level": ""
              }
            ],
            "memory_size": 128,
            "package_type": "Zip",
            "publish": false,
            "qualified_arn": "arn:aws:lambda:us-east-1:426672314667:function:lambda4:$LATEST",
            "qualified_invoke_arn": "arn:aws:apigateway:us-east-1:lambda:path/2015-03-31/functions/arn:aws:lambda:us-east-1:426672314667:function:lambda4:$LATEST/invocations",
            "replace_security_groups_on_destroy": null,
            "replacement_security_group_ids": null,
            "reserved_concurrent_executions": -1,
            "role": "arn:aws:iam::426672314667:role/lambda_execution_role",
            "runtime": "python3.10",
            "s3_bucket": null,
            "s3_key": null,
            "s3_object_version": null,
            "signing_job_arn": "",
            "signing_profile_version_arn": "",
            "skip_destroy": false,
            "snap_start": [],
            "source_code_hash": "RuJvnehZ0UJxURB5LERM2xCbUzLO6S+uN4Svi+nfM7E=",
            "source_code_size": 674,
            "tags": null,
            "tags_all": {},
            "timeout": 3,
            "timeouts": null,
            "tracing_config": [
              {
                "mode": "PassThrough"
              }
            ],
            "version": "$LATEST",
            "vpc_config": [
              {
                "ipv6_allowed_for_dual_stack": false,
                "security_group_ids": [
                  "sg-095b98a802e3ba9e5"
                ],
                "subnet_ids": [
                  "subnet-00e2817e258b34bc9",
                  "subnet-0160af0f35544ad58"
                ],
                "vpc_id": "vpc-0de7d5ef96a37da27"
              }
            ]
          },
          "sensitive_attributes": [],
          "private": "eyJlMmJmYjczMC1lY2FhLTExZTYtOGY4OC0zNDM2M2JjN2M0YzAiOnsiY3JlYXRlIjo2MDAwMDAwMDAwMDAsImRlbGV0ZSI6NjAwMDAwMDAwMDAwLCJ1cGRhdGUiOjYwMDAwMDAwMDAwMH19",
          "dependencies": [
            "aws_iam_role.lambda_role",
            "data.local_file.basedata",
            "data.local_file.vpc_output"
          ]
        }
      ]
    },
    {
      "mode": "managed",
      "type": "aws_lambda_permission",
      "name": "allow_eventbridge_lambda4",
      "provider": "provider[\"registry.terraform.io/hashicorp/aws\"]",
      "instances": [
        {
          "schema_version": 0,
          "attributes": {
            "action": "lambda:InvokeFunction",
            "event_source_token": null,
            "function_name": "lambda4",
            "function_url_auth_type": null,
            "id": "AllowExecutionFromEventBridge",
            "principal": "events.amazonaws.com",
            "principal_org_id": null,
            "qualifier": "",
            "source_account": null,
            "source_arn": "arn:aws:events:us-east-1:426672314667:rule/lambda4-schedule",
            "statement_id": "AllowExecutionFromEventBridge",
            "statement_id_prefix": ""
          },
          "sensitive_attributes": [],
          "private": "bnVsbA==",
          "dependencies": [
            "aws_cloudwatch_event_rule.lambda4_schedule",
            "aws_iam_role.lambda_role",
            "aws_lambda_function.lambda4",
            "data.local_file.basedata",
            "data.local_file.vpc_output"
          ]
        }
      ]
    },
    {
      "mode": "managed",
      "type": "aws_lambda_permission",
      "name": "allow_sqs_lambda1",
      "provider": "provider[\"registry.terraform.io/hashicorp/aws\"]",
      "instances": [
        {
          "schema_version": 0,
          "attributes": {
            "action": "lambda:InvokeFunction",
            "event_source_token": null,
            "function_name": "lambda1",
            "function_url_auth_type": null,
            "id": "AllowSQSTrigger",
            "principal": "sqs.amazonaws.com",
            "principal_org_id": null,
            "qualifier": "",
            "source_account": null,
            "source_arn": "arn:aws:sqs:us-east-1:426672314667:lambda1-event-queue",
            "statement_id": "AllowSQSTrigger",
            "statement_id_prefix": ""
          },
          "sensitive_attributes": [],
          "private": "bnVsbA==",
          "dependencies": [
            "aws_iam_role.lambda_role",
            "aws_lambda_function.lambda1",
            "aws_sqs_queue.lambda1_queue",
            "data.local_file.basedata",
            "data.local_file.vpc_output"
          ]
        }
      ]
    },
    {
      "mode": "managed",
      "type": "aws_sqs_queue",
      "name": "lambda1_queue",
      "provider": "provider[\"registry.terraform.io/hashicorp/aws\"]",
      "instances": [
        {
          "schema_version": 0,
          "attributes": {
            "arn": "arn:aws:sqs:us-east-1:426672314667:lambda1-event-queue",
            "content_based_deduplication": false,
            "deduplication_scope": "",
            "delay_seconds": 0,
            "fifo_queue": false,
            "fifo_throughput_limit": "",
            "id": "https://sqs.us-east-1.amazonaws.com/426672314667/lambda1-event-queue",
            "kms_data_key_reuse_period_seconds": 300,
            "kms_master_key_id": "",
            "max_message_size": 262144,
            "message_retention_seconds": 345600,
            "name": "lambda1-event-queue",
            "name_prefix": "",
            "policy": "",
            "receive_wait_time_seconds": 0,
            "redrive_allow_policy": "",
            "redrive_policy": "",
            "sqs_managed_sse_enabled": true,
            "tags": null,
            "tags_all": {},
            "timeouts": null,
            "url": "https://sqs.us-east-1.amazonaws.com/426672314667/lambda1-event-queue",
            "visibility_timeout_seconds": 30
          },
          "sensitive_attributes": [],
          "private": "eyJlMmJmYjczMC1lY2FhLTExZTYtOGY4OC0zNDM2M2JjN2M0YzAiOnsiY3JlYXRlIjoxODAwMDAwMDAwMDAsImRlbGV0ZSI6MTgwMDAwMDAwMDAwLCJ1cGRhdGUiOjE4MDAwMDAwMDAwMH19"
        }
      ]
    }
  ],
  "check_results": null
}
